
Microsoft Visual Studio Solution File, Format Version 12.00
# Visual Studio Version 16
VisualStudioVersion = 16.0.32002.261
MinimumVisualStudioVersion = 10.0.40219.1
Project("{9A19103F-16F7-4668-BE54-9A1E7A4F7556}") = "dnlib.BAML", "dnlib.BAML\dnlib.BAML.csproj", "{AEEE905D-2EF2-449B-863B-A8466D804F0C}"
EndProject
Project("{FAE04EC0-301F-11D3-BF4B-00C04F79EFBC}") = "Test", "Test\Test.csproj", "{7D125C46-7BB9-4946-BDB8-B5B9971D8AEE}"
EndProject
Global
	GlobalSection(SolutionConfigurationPlatforms) = preSolution
		Debug|Any CPU = Debug|Any CPU
		Release|Any CPU = Release|Any CPU
	EndGlobalSection
	GlobalSection(ProjectConfigurationPlatforms) = postSolution
		{AEEE905D-2EF2-449B-863B-A8466D804F0C}.Debug|Any CPU.ActiveCfg = Debug|Any CPU
		{AEEE905D-2EF2-449B-863B-A8466D804F0C}.Debug|Any CPU.Build.0 = Debug|Any CPU
		{AEEE905D-2EF2-449B-863B-A8466D804F0C}.Release|Any CPU.ActiveCfg = Release|Any CPU
		{AEEE905D-2EF2-449B-863B-A8466D804F0C}.Release|Any CPU.Build.0 = Release|Any CPU
		{7D125C46-7BB9-4946-BDB8-B5B9971D8AEE}.Debug|Any CPU.ActiveCfg = Debug|Any CPU
		{7D125C46-7BB9-4946-BDB8-B5B9971D8AEE}.Debug|Any CPU.Build.0 = Debug|Any CPU
		{7D125C46-7BB9-4946-BDB8-B5B9971D8AEE}.Release|Any CPU.ActiveCfg = Release|Any CPU
		{7D125C46-7BB9-4946-BDB8-B5B9971D8AEE}.Release|Any CPU.Build.0 = Release|Any CPU
	EndGlobalSection
	GlobalSection(SolutionProperties) = preSolution
		HideSolutionNode = FALSE
	EndGlobalSection
	GlobalSection(ExtensibilityGlobals) = postSolution
		SolutionGuid = {79315018-3D67-4674-8BD1-9C3B218B7E68}
	EndGlobalSection
EndGlobal
